
Microsoft Visual Studio Solution File, Format Version 12.00
Project("{FAE04EC0-301F-11D3-BF4B-00C04F79EFBC}") = "RiderTest", "RiderTest\RiderTest.csproj", "{390FC5CC-81DC-4030-BF97-5746E26144EE}"
EndProject
Project("{2150E333-8FDC-42A3-9474-1A3956D46DE8}") = "Applications", "Applications", "{7A89EC3E-0ABF-49F2-9B74-0BD8718D04E2}"
EndProject
Project("{FAE04EC0-301F-11D3-BF4B-00C04F79EFBC}") = "MauiApp1", "Applications\MauiApp1\MauiApp1.csproj", "{17FD9DC3-67E8-4CF7-8CF1-824726CC7F91}"
EndProject
Project("{FAE04EC0-301F-11D3-BF4B-00C04F79EFBC}") = "MauiApp2", "Applications\MauiApp2\MauiApp2.csproj", "{6BD93B75-76F2-4286-B9A4-2341C5365D87}"
EndProject
Project("{FAE04EC0-301F-11D3-BF4B-00C04F79EFBC}") = "MauiApp3", "Applications\MauiApp3\MauiApp3.csproj", "{987CC42F-D0CF-4B9D-81E3-C25CD37985C7}"
EndProject
Project("{FAE04EC0-301F-11D3-BF4B-00C04F79EFBC}") = "MauiLib1", "MauiLib1\MauiLib1.csproj", "{7DBBDC22-8832-4983-AC76-4CE064C5C34B}"
EndProject
Global
	GlobalSection(SolutionConfigurationPlatforms) = preSolution
		Debug|Any CPU = Debug|Any CPU
		Release|Any CPU = Release|Any CPU
	EndGlobalSection
	GlobalSection(ProjectConfigurationPlatforms) = postSolution
		{390FC5CC-81DC-4030-BF97-5746E26144EE}.Debug|Any CPU.ActiveCfg = Debug|Any CPU
		{390FC5CC-81DC-4030-BF97-5746E26144EE}.Debug|Any CPU.Build.0 = Debug|Any CPU
		{390FC5CC-81DC-4030-BF97-5746E26144EE}.Release|Any CPU.ActiveCfg = Release|Any CPU
		{390FC5CC-81DC-4030-BF97-5746E26144EE}.Release|Any CPU.Build.0 = Release|Any CPU
		{17FD9DC3-67E8-4CF7-8CF1-824726CC7F91}.Debug|Any CPU.ActiveCfg = Debug|Any CPU
		{17FD9DC3-67E8-4CF7-8CF1-824726CC7F91}.Debug|Any CPU.Build.0 = Debug|Any CPU
		{17FD9DC3-67E8-4CF7-8CF1-824726CC7F91}.Release|Any CPU.ActiveCfg = Release|Any CPU
		{17FD9DC3-67E8-4CF7-8CF1-824726CC7F91}.Release|Any CPU.Build.0 = Release|Any CPU
		{6BD93B75-76F2-4286-B9A4-2341C5365D87}.Debug|Any CPU.ActiveCfg = Debug|Any CPU
		{6BD93B75-76F2-4286-B9A4-2341C5365D87}.Debug|Any CPU.Build.0 = Debug|Any CPU
		{6BD93B75-76F2-4286-B9A4-2341C5365D87}.Release|Any CPU.ActiveCfg = Release|Any CPU
		{6BD93B75-76F2-4286-B9A4-2341C5365D87}.Release|Any CPU.Build.0 = Release|Any CPU
		{987CC42F-D0CF-4B9D-81E3-C25CD37985C7}.Debug|Any CPU.ActiveCfg = Debug|Any CPU
		{987CC42F-D0CF-4B9D-81E3-C25CD37985C7}.Debug|Any CPU.Build.0 = Debug|Any CPU
		{987CC42F-D0CF-4B9D-81E3-C25CD37985C7}.Release|Any CPU.ActiveCfg = Release|Any CPU
		{987CC42F-D0CF-4B9D-81E3-C25CD37985C7}.Release|Any CPU.Build.0 = Release|Any CPU
		{7DBBDC22-8832-4983-AC76-4CE064C5C34B}.Debug|Any CPU.ActiveCfg = Debug|Any CPU
		{7DBBDC22-8832-4983-AC76-4CE064C5C34B}.Debug|Any CPU.Build.0 = Debug|Any CPU
		{7DBBDC22-8832-4983-AC76-4CE064C5C34B}.Release|Any CPU.ActiveCfg = Release|Any CPU
		{7DBBDC22-8832-4983-AC76-4CE064C5C34B}.Release|Any CPU.Build.0 = Release|Any CPU
	EndGlobalSection
	GlobalSection(NestedProjects) = preSolution
		{17FD9DC3-67E8-4CF7-8CF1-824726CC7F91} = {7A89EC3E-0ABF-49F2-9B74-0BD8718D04E2}
		{6BD93B75-76F2-4286-B9A4-2341C5365D87} = {7A89EC3E-0ABF-49F2-9B74-0BD8718D04E2}
		{987CC42F-D0CF-4B9D-81E3-C25CD37985C7} = {7A89EC3E-0ABF-49F2-9B74-0BD8718D04E2}
	EndGlobalSection
EndGlobal
